
Microsoft Visual Studio Solution File, Format Version 12.00
# Visual Studio Version 17
VisualStudioVersion = 17.3.32611.2
MinimumVisualStudioVersion = 10.0.40219.1
Project("{FAE04EC0-301F-11D3-BF4B-00C04F79EFBC}") = "FinanceMentor.Server", "FinanceMentor\Server\FinanceMentor.Server.csproj", "{EFB03F8B-3B71-4E24-B58C-9EADBCBF6480}"
EndProject
Project("{FAE04EC0-301F-11D3-BF4B-00C04F79EFBC}") = "FinanceMentor.Client", "FinanceMentor\Client\FinanceMentor.Client.csproj", "{C731191C-1748-4506-B08A-300B8E289080}"
EndProject
Project("{FAE04EC0-301F-11D3-BF4B-00C04F79EFBC}") = "FinanceMentor.Shared", "FinanceMentor\Shared\FinanceMentor.Shared.csproj", "{C379D1B1-4D41-4216-8F7C-53E43808C894}"
EndProject
Global
	GlobalSection(SolutionConfigurationPlatforms) = preSolution
		Debug|Any CPU = Debug|Any CPU
		Release|Any CPU = Release|Any CPU
	EndGlobalSection
	GlobalSection(ProjectConfigurationPlatforms) = postSolution
		{EFB03F8B-3B71-4E24-B58C-9EADBCBF6480}.Debug|Any CPU.ActiveCfg = Debug|Any CPU
		{EFB03F8B-3B71-4E24-B58C-9EADBCBF6480}.Debug|Any CPU.Build.0 = Debug|Any CPU
		{EFB03F8B-3B71-4E24-B58C-9EADBCBF6480}.Release|Any CPU.ActiveCfg = Release|Any CPU
		{EFB03F8B-3B71-4E24-B58C-9EADBCBF6480}.Release|Any CPU.Build.0 = Release|Any CPU
		{C731191C-1748-4506-B08A-300B8E289080}.Debug|Any CPU.ActiveCfg = Debug|Any CPU
		{C731191C-1748-4506-B08A-300B8E289080}.Debug|Any CPU.Build.0 = Debug|Any CPU
		{C731191C-1748-4506-B08A-300B8E289080}.Release|Any CPU.ActiveCfg = Release|Any CPU
		{C731191C-1748-4506-B08A-300B8E289080}.Release|Any CPU.Build.0 = Release|Any CPU
		{C379D1B1-4D41-4216-8F7C-53E43808C894}.Debug|Any CPU.ActiveCfg = Debug|Any CPU
		{C379D1B1-4D41-4216-8F7C-53E43808C894}.Debug|Any CPU.Build.0 = Debug|Any CPU
		{C379D1B1-4D41-4216-8F7C-53E43808C894}.Release|Any CPU.ActiveCfg = Release|Any CPU
		{C379D1B1-4D41-4216-8F7C-53E43808C894}.Release|Any CPU.Build.0 = Release|Any CPU
	EndGlobalSection
	GlobalSection(SolutionProperties) = preSolution
		HideSolutionNode = FALSE
	EndGlobalSection
	GlobalSection(ExtensibilityGlobals) = postSolution
		SolutionGuid = {AFA24DDE-1CFD-4139-B478-0CD7115C8C50}
	EndGlobalSection
EndGlobal
